
Microsoft Visual Studio Solution File, Format Version 12.00
Project("{FAE04EC0-301F-11D3-BF4B-00C04F79EFBC}") = "TastyTableAPI", "TastyTableAPI\TastyTableAPI.csproj", "{EABCCA3D-ED96-4039-B185-963BAE299DEC}"
EndProject
Project("{FAE04EC0-301F-11D3-BF4B-00C04F79EFBC}") = "BLL", "BLL\BLL.csproj", "{D56927D4-5813-4B44-AFD5-03D643748848}"
EndProject
Project("{FAE04EC0-301F-11D3-BF4B-00C04F79EFBC}") = "DAL", "DAL\DAL.csproj", "{713EB900-56BC-4FCB-8AE2-F1FAB35D0F4C}"
EndProject
Project("{FAE04EC0-301F-11D3-BF4B-00C04F79EFBC}") = "Core", "Core\Core.csproj", "{F54CD293-5684-46F7-A92E-01DDFFEBFBA9}"
EndProject
Global
	GlobalSection(SolutionConfigurationPlatforms) = preSolution
		Debug|Any CPU = Debug|Any CPU
		Release|Any CPU = Release|Any CPU
	EndGlobalSection
	GlobalSection(ProjectConfigurationPlatforms) = postSolution
		{EABCCA3D-ED96-4039-B185-963BAE299DEC}.Debug|Any CPU.ActiveCfg = Debug|Any CPU
		{EABCCA3D-ED96-4039-B185-963BAE299DEC}.Debug|Any CPU.Build.0 = Debug|Any CPU
		{EABCCA3D-ED96-4039-B185-963BAE299DEC}.Release|Any CPU.ActiveCfg = Release|Any CPU
		{EABCCA3D-ED96-4039-B185-963BAE299DEC}.Release|Any CPU.Build.0 = Release|Any CPU
		{D56927D4-5813-4B44-AFD5-03D643748848}.Debug|Any CPU.ActiveCfg = Debug|Any CPU
		{D56927D4-5813-4B44-AFD5-03D643748848}.Debug|Any CPU.Build.0 = Debug|Any CPU
		{D56927D4-5813-4B44-AFD5-03D643748848}.Release|Any CPU.ActiveCfg = Release|Any CPU
		{D56927D4-5813-4B44-AFD5-03D643748848}.Release|Any CPU.Build.0 = Release|Any CPU
		{713EB900-56BC-4FCB-8AE2-F1FAB35D0F4C}.Debug|Any CPU.ActiveCfg = Debug|Any CPU
		{713EB900-56BC-4FCB-8AE2-F1FAB35D0F4C}.Debug|Any CPU.Build.0 = Debug|Any CPU
		{713EB900-56BC-4FCB-8AE2-F1FAB35D0F4C}.Release|Any CPU.ActiveCfg = Release|Any CPU
		{713EB900-56BC-4FCB-8AE2-F1FAB35D0F4C}.Release|Any CPU.Build.0 = Release|Any CPU
		{F54CD293-5684-46F7-A92E-01DDFFEBFBA9}.Debug|Any CPU.ActiveCfg = Debug|Any CPU
		{F54CD293-5684-46F7-A92E-01DDFFEBFBA9}.Debug|Any CPU.Build.0 = Debug|Any CPU
		{F54CD293-5684-46F7-A92E-01DDFFEBFBA9}.Release|Any CPU.ActiveCfg = Release|Any CPU
		{F54CD293-5684-46F7-A92E-01DDFFEBFBA9}.Release|Any CPU.Build.0 = Release|Any CPU
	EndGlobalSection
EndGlobal
